// !$*UTF8*$!
{
	archiveVersion = 1;
	classes = {
	};
	objectVersion = 50;
	objects = {

/* Begin PBXBuildFile section */
		CFFD6145252390CC00B5E520 /* AppDelegate.swift in Sources */ = {isa = PBXBuildFile; fileRef = CFFD6144252390CC00B5E520 /* AppDelegate.swift */; };
		CFFD6147252390CC00B5E520 /* SceneDelegate.swift in Sources */ = {isa = PBXBuildFile; fileRef = CFFD6146252390CC00B5E520 /* SceneDelegate.swift */; };
		CFFD6149252390CC00B5E520 /* ViewController.swift in Sources */ = {isa = PBXBuildFile; fileRef = CFFD6148252390CC00B5E520 /* ViewController.swift */; };
		CFFD614C252390CC00B5E520 /* Main.storyboard in Resources */ = {isa = PBXBuildFile; fileRef = CFFD614A252390CC00B5E520 /* Main.storyboard */; };
		CFFD614E252390CD00B5E520 /* Assets.xcassets in Resources */ = {isa = PBXBuildFile; fileRef = CFFD614D252390CD00B5E520 /* Assets.xcassets */; };
		CFFD6151252390CD00B5E520 /* LaunchScreen.storyboard in Resources */ = {isa = PBXBuildFile; fileRef = CFFD614F252390CD00B5E520 /* LaunchScreen.storyboard */; };
		CFFD615C252390CE00B5E520 /* GITFollewerTests.swift in Sources */ = {isa = PBXBuildFile; fileRef = CFFD615B252390CE00B5E520 /* GITFollewerTests.swift */; };
		CFFD6167252390CE00B5E520 /* GITFollewerUITests.swift in Sources */ = {isa = PBXBuildFile; fileRef = CFFD6166252390CE00B5E520 /* GITFollewerUITests.swift */; };
/* End PBXBuildFile section */

/* Begin PBXContainerItemProxy section */
		CFFD6158252390CE00B5E520 /* PBXContainerItemProxy */ = {
			isa = PBXContainerItemProxy;
			containerPortal = CFFD6139252390CB00B5E520 /* Project object */;
			proxyType = 1;
			remoteGlobalIDString = CFFD6140252390CB00B5E520;
			remoteInfo = GITFollewer;
		};
		CFFD6163252390CE00B5E520 /* PBXContainerItemProxy */ = {
			isa = PBXContainerItemProxy;
			containerPortal = CFFD6139252390CB00B5E520 /* Project object */;
			proxyType = 1;
			remoteGlobalIDString = CFFD6140252390CB00B5E520;
			remoteInfo = GITFollewer;
		};
/* End PBXContainerItemProxy section */

/* Begin PBXFileReference section */
		CFFD6141252390CB00B5E520 /* GITFollewer.app */ = {isa = PBXFileReference; explicitFileType = wrapper.application; includeInIndex = 0; path = GITFollewer.app; sourceTree = BUILT_PRODUCTS_DIR; };
		CFFD6144252390CC00B5E520 /* AppDelegate.swift */ = {isa = PBXFileReference; lastKnownFileType = sourcecode.swift; path = AppDelegate.swift; sourceTree = "<group>"; };
		CFFD6146252390CC00B5E520 /* SceneDelegate.swift */ = {isa = PBXFileReference; lastKnownFileType = sourcecode.swift; path = SceneDelegate.swift; sourceTree = "<group>"; };
		CFFD6148252390CC00B5E520 /* ViewController.swift */ = {isa = PBXFileReference; lastKnownFileType = sourcecode.swift; path = ViewController.swift; sourceTree = "<group>"; };
		CFFD614B252390CC00B5E520 /* Base */ = {isa = PBXFileReference; lastKnownFileType = file.storyboard; name = Base; path = Base.lproj/Main.storyboard; sourceTree = "<group>"; };
		CFFD614D252390CD00B5E520 /* Assets.xcassets */ = {isa = PBXFileReference; lastKnownFileType = folder.assetcatalog; path = Assets.xcassets; sourceTree = "<group>"; };
		CFFD6150252390CD00B5E520 /* Base */ = {isa = PBXFileReference; lastKnownFileType = file.storyboard; name = Base; path = Base.lproj/LaunchScreen.storyboard; sourceTree = "<group>"; };
		CFFD6152252390CD00B5E520 /* Info.plist */ = {isa = PBXFileReference; lastKnownFileType = text.plist.xml; path = Info.plist; sourceTree = "<group>"; };
		CFFD6157252390CE00B5E520 /* GITFollewerTests.xctest */ = {isa = PBXFileReference; explicitFileType = wrapper.cfbundle; includeInIndex = 0; path = GITFollewerTests.xctest; sourceTree = BUILT_PRODUCTS_DIR; };
		CFFD615B252390CE00B5E520 /* GITFollewerTests.swift */ = {isa = PBXFileReference; lastKnownFileType = sourcecode.swift; path = GITFollewerTests.swift; sourceTree = "<group>"; };
		CFFD615D252390CE00B5E520 /* Info.plist */ = {isa = PBXFileReference; lastKnownFileType = text.plist.xml; path = Info.plist; sourceTree = "<group>"; };
		CFFD6162252390CE00B5E520 /* GITFollewerUITests.xctest */ = {isa = PBXFileReference; explicitFileType = wrapper.cfbundle; includeInIndex = 0; path = GITFollewerUITests.xctest; sourceTree = BUILT_PRODUCTS_DIR; };
		CFFD6166252390CE00B5E520 /* GITFollewerUITests.swift */ = {isa = PBXFileReference; lastKnownFileType = sourcecode.swift; path = GITFollewerUITests.swift; sourceTree = "<group>"; };
		CFFD6168252390CE00B5E520 /* Info.plist */ = {isa = PBXFileReference; lastKnownFileType = text.plist.xml; path = Info.plist; sourceTree = "<group>"; };
/* End PBXFileReference section */

/* Begin PBXFrameworksBuildPhase section */
		CFFD613E252390CB00B5E520 /* Frameworks */ = {
			isa = PBXFrameworksBuildPhase;
			buildActionMask = 2147483647;
			files = (
			);
			runOnlyForDeploymentPostprocessing = 0;
		};
		CFFD6154252390CE00B5E520 /* Frameworks */ = {
			isa = PBXFrameworksBuildPhase;
			buildActionMask = 2147483647;
			files = (
			);
			runOnlyForDeploymentPostprocessing = 0;
		};
		CFFD615F252390CE00B5E520 /* Frameworks */ = {
			isa = PBXFrameworksBuildPhase;
			buildActionMask = 2147483647;
			files = (
			);
			runOnlyForDeploymentPostprocessing = 0;
		};
/* End PBXFrameworksBuildPhase section */

/* Begin PBXGroup section */
		CFFD6138252390CB00B5E520 = {
			isa = PBXGroup;
			children = (
				CFFD6143252390CB00B5E520 /* GITFollewer */,
				CFFD615A252390CE00B5E520 /* GITFollewerTests */,
				CFFD6165252390CE00B5E520 /* GITFollewerUITests */,
				CFFD6142252390CB00B5E520 /* Products */,
			);
			sourceTree = "<group>";
		};
		CFFD6142252390CB00B5E520 /* Products */ = {
			isa = PBXGroup;
			children = (
				CFFD6141252390CB00B5E520 /* GITFollewer.app */,
				CFFD6157252390CE00B5E520 /* GITFollewerTests.xctest */,
				CFFD6162252390CE00B5E520 /* GITFollewerUITests.xctest */,
			);
			name = Products;
			sourceTree = "<group>";
		};
		CFFD6143252390CB00B5E520 /* GITFollewer */ = {
			isa = PBXGroup;
			children = (
				CFFD6144252390CC00B5E520 /* AppDelegate.swift */,
				CFFD6146252390CC00B5E520 /* SceneDelegate.swift */,
				CFFD6148252390CC00B5E520 /* ViewController.swift */,
				CFFD614A252390CC00B5E520 /* Main.storyboard */,
				CFFD614D252390CD00B5E520 /* Assets.xcassets */,
				CFFD614F252390CD00B5E520 /* LaunchScreen.storyboard */,
				CFFD6152252390CD00B5E520 /* Info.plist */,
			);
			path = GITFollewer;
			sourceTree = "<group>";
		};
		CFFD615A252390CE00B5E520 /* GITFollewerTests */ = {
			isa = PBXGroup;
			children = (
				CFFD615B252390CE00B5E520 /* GITFollewerTests.swift */,
				CFFD615D252390CE00B5E520 /* Info.plist */,
			);
			path = GITFollewerTests;
			sourceTree = "<group>";
		};
		CFFD6165252390CE00B5E520 /* GITFollewerUITests */ = {
			isa = PBXGroup;
			children = (
				CFFD6166252390CE00B5E520 /* GITFollewerUITests.swift */,
				CFFD6168252390CE00B5E520 /* Info.plist */,
			);
			path = GITFollewerUITests;
			sourceTree = "<group>";
		};
/* End PBXGroup section */

/* Begin PBXNativeTarget section */
		CFFD6140252390CB00B5E520 /* GITFollewer */ = {
			isa = PBXNativeTarget;
			buildConfigurationList = CFFD616B252390CE00B5E520 /* Build configuration list for PBXNativeTarget "GITFollewer" */;
			buildPhases = (
				CFFD613D252390CB00B5E520 /* Sources */,
				CFFD613E252390CB00B5E520 /* Frameworks */,
				CFFD613F252390CB00B5E520 /* Resources */,
			);
			buildRules = (
			);
			dependencies = (
			);
			name = GITFollewer;
			productName = GITFollewer;
			productReference = CFFD6141252390CB00B5E520 /* GITFollewer.app */;
			productType = "com.apple.product-type.application";
		};
		CFFD6156252390CE00B5E520 /* GITFollewerTests */ = {
			isa = PBXNativeTarget;
			buildConfigurationList = CFFD616E252390CE00B5E520 /* Build configuration list for PBXNativeTarget "GITFollewerTests" */;
			buildPhases = (
				CFFD6153252390CE00B5E520 /* Sources */,
				CFFD6154252390CE00B5E520 /* Frameworks */,
				CFFD6155252390CE00B5E520 /* Resources */,
			);
			buildRules = (
			);
			dependencies = (
				CFFD6159252390CE00B5E520 /* PBXTargetDependency */,
			);
			name = GITFollewerTests;
			productName = GITFollewerTests;
			productReference = CFFD6157252390CE00B5E520 /* GITFollewerTests.xctest */;
			productType = "com.apple.product-type.bundle.unit-test";
		};
		CFFD6161252390CE00B5E520 /* GITFollewerUITests */ = {
			isa = PBXNativeTarget;
			buildConfigurationList = CFFD6171252390CE00B5E520 /* Build configuration list for PBXNativeTarget "GITFollewerUITests" */;
			buildPhases = (
				CFFD615E252390CE00B5E520 /* Sources */,
				CFFD615F252390CE00B5E520 /* Frameworks */,
				CFFD6160252390CE00B5E520 /* Resources */,
			);
			buildRules = (
			);
			dependencies = (
				CFFD6164252390CE00B5E520 /* PBXTargetDependency */,
			);
			name = GITFollewerUITests;
			productName = GITFollewerUITests;
			productReference = CFFD6162252390CE00B5E520 /* GITFollewerUITests.xctest */;
			productType = "com.apple.product-type.bundle.ui-testing";
		};
/* End PBXNativeTarget section */

/* Begin PBXProject section */
		CFFD6139252390CB00B5E520 /* Project object */ = {
			isa = PBXProject;
			attributes = {
				LastSwiftUpdateCheck = 1200;
				LastUpgradeCheck = 1200;
				TargetAttributes = {
					CFFD6140252390CB00B5E520 = {
						CreatedOnToolsVersion = 12.0.1;
					};
					CFFD6156252390CE00B5E520 = {
						CreatedOnToolsVersion = 12.0.1;
						TestTargetID = CFFD6140252390CB00B5E520;
					};
					CFFD6161252390CE00B5E520 = {
						CreatedOnToolsVersion = 12.0.1;
						TestTargetID = CFFD6140252390CB00B5E520;
					};
				};
			};
			buildConfigurationList = CFFD613C252390CB00B5E520 /* Build configuration list for PBXProject "GITFollewer" */;
			compatibilityVersion = "Xcode 9.3";
			developmentRegion = en;
			hasScannedForEncodings = 0;
			knownRegions = (
				en,
				Base,
			);
			mainGroup = CFFD6138252390CB00B5E520;
			productRefGroup = CFFD6142252390CB00B5E520 /* Products */;
			projectDirPath = "";
			projectRoot = "";
			targets = (
				CFFD6140252390CB00B5E520 /* GITFollewer */,
				CFFD6156252390CE00B5E520 /* GITFollewerTests */,
				CFFD6161252390CE00B5E520 /* GITFollewerUITests */,
			);
		};
/* End PBXProject section */

/* Begin PBXResourcesBuildPhase section */
		CFFD613F252390CB00B5E520 /* Resources */ = {
			isa = PBXResourcesBuildPhase;
			buildActionMask = 2147483647;
			files = (
				CFFD6151252390CD00B5E520 /* LaunchScreen.storyboard in Resources */,
				CFFD614E252390CD00B5E520 /* Assets.xcassets in Resources */,
				CFFD614C252390CC00B5E520 /* Main.storyboard in Resources */,
			);
			runOnlyForDeploymentPostprocessing = 0;
		};
		CFFD6155252390CE00B5E520 /* Resources */ = {
			isa = PBXResourcesBuildPhase;
			buildActionMask = 2147483647;
			files = (
			);
			runOnlyForDeploymentPostprocessing = 0;
		};
		CFFD6160252390CE00B5E520 /* Resources */ = {
			isa = PBXResourcesBuildPhase;
			buildActionMask = 2147483647;
			files = (
			);
			runOnlyForDeploymentPostprocessing = 0;
		};
/* End PBXResourcesBuildPhase section */

/* Begin PBXSourcesBuildPhase section */
		CFFD613D252390CB00B5E520 /* Sources */ = {
			isa = PBXSourcesBuildPhase;
			buildActionMask = 2147483647;
			files = (
				CFFD6149252390CC00B5E520 /* ViewController.swift in Sources */,
				CFFD6145252390CC00B5E520 /* AppDelegate.swift in Sources */,
				CFFD6147252390CC00B5E520 /* SceneDelegate.swift in Sources */,
			);
			runOnlyForDeploymentPostprocessing = 0;
		};
		CFFD6153252390CE00B5E520 /* Sources */ = {
			isa = PBXSourcesBuildPhase;
			buildActionMask = 2147483647;
			files = (
				CFFD615C252390CE00B5E520 /* GITFollewerTests.swift in Sources */,
			);
			runOnlyForDeploymentPostprocessing = 0;
		};
		CFFD615E252390CE00B5E520 /* Sources */ = {
			isa = PBXSourcesBuildPhase;
			buildActionMask = 2147483647;
			files = (
				CFFD6167252390CE00B5E520 /* GITFollewerUITests.swift in Sources */,
			);
			runOnlyForDeploymentPostprocessing = 0;
		};
/* End PBXSourcesBuildPhase section */

/* Begin PBXTargetDependency section */
		CFFD6159252390CE00B5E520 /* PBXTargetDependency */ = {
			isa = PBXTargetDependency;
			target = CFFD6140252390CB00B5E520 /* GITFollewer */;
			targetProxy = CFFD6158252390CE00B5E520 /* PBXContainerItemProxy */;
		};
		CFFD6164252390CE00B5E520 /* PBXTargetDependency */ = {
			isa = PBXTargetDependency;
			target = CFFD6140252390CB00B5E520 /* GITFollewer */;
			targetProxy = CFFD6163252390CE00B5E520 /* PBXContainerItemProxy */;
		};
/* End PBXTargetDependency section */

/* Begin PBXVariantGroup section */
		CFFD614A252390CC00B5E520 /* Main.storyboard */ = {
			isa = PBXVariantGroup;
			children = (
				CFFD614B252390CC00B5E520 /* Base */,
			);
			name = Main.storyboard;
			sourceTree = "<group>";
		};
		CFFD614F252390CD00B5E520 /* LaunchScreen.storyboard */ = {
			isa = PBXVariantGroup;
			children = (
				CFFD6150252390CD00B5E520 /* Base */,
			);
			name = LaunchScreen.storyboard;
			sourceTree = "<group>";
		};
/* End PBXVariantGroup section */

/* Begin XCBuildConfiguration section */
		CFFD6169252390CE00B5E520 /* Debug */ = {
			isa = XCBuildConfiguration;
			buildSettings = {
				ALWAYS_SEARCH_USER_PATHS = NO;
				CLANG_ANALYZER_NONNULL = YES;
				CLANG_ANALYZER_NUMBER_OBJECT_CONVERSION = YES_AGGRESSIVE;
				CLANG_CXX_LANGUAGE_STANDARD = "gnu++14";
				CLANG_CXX_LIBRARY = "libc++";
				CLANG_ENABLE_MODULES = YES;
				CLANG_ENABLE_OBJC_ARC = YES;
				CLANG_ENABLE_OBJC_WEAK = YES;
				CLANG_WARN_BLOCK_CAPTURE_AUTORELEASING = YES;
				CLANG_WARN_BOOL_CONVERSION = YES;
				CLANG_WARN_COMMA = YES;
				CLANG_WARN_CONSTANT_CONVERSION = YES;
				CLANG_WARN_DEPRECATED_OBJC_IMPLEMENTATIONS = YES;
				CLANG_WARN_DIRECT_OBJC_ISA_USAGE = YES_ERROR;
				CLANG_WARN_DOCUMENTATION_COMMENTS = YES;
				CLANG_WARN_EMPTY_BODY = YES;
				CLANG_WARN_ENUM_CONVERSION = YES;
				CLANG_WARN_INFINITE_RECURSION = YES;
				CLANG_WARN_INT_CONVERSION = YES;
				CLANG_WARN_NON_LITERAL_NULL_CONVERSION = YES;
				CLANG_WARN_OBJC_IMPLICIT_RETAIN_SELF = YES;
				CLANG_WARN_OBJC_LITERAL_CONVERSION = YES;
				CLANG_WARN_OBJC_ROOT_CLASS = YES_ERROR;
				CLANG_WARN_QUOTED_INCLUDE_IN_FRAMEWORK_HEADER = YES;
				CLANG_WARN_RANGE_LOOP_ANALYSIS = YES;
				CLANG_WARN_STRICT_PROTOTYPES = YES;
				CLANG_WARN_SUSPICIOUS_MOVE = YES;
				CLANG_WARN_UNGUARDED_AVAILABILITY = YES_AGGRESSIVE;
				CLANG_WARN_UNREACHABLE_CODE = YES;
				CLANG_WARN__DUPLICATE_METHOD_MATCH = YES;
				COPY_PHASE_STRIP = NO;
				DEBUG_INFORMATION_FORMAT = dwarf;
				ENABLE_STRICT_OBJC_MSGSEND = YES;
				ENABLE_TESTABILITY = YES;
				GCC_C_LANGUAGE_STANDARD = gnu11;
				GCC_DYNAMIC_NO_PIC = NO;
				GCC_NO_COMMON_BLOCKS = YES;
				GCC_OPTIMIZATION_LEVEL = 0;
				GCC_PREPROCESSOR_DEFINITIONS = (
					"DEBUG=1",
					"$(inherited)",
				);
				GCC_WARN_64_TO_32_BIT_CONVERSION = YES;
				GCC_WARN_ABOUT_RETURN_TYPE = YES_ERROR;
				GCC_WARN_UNDECLARED_SELECTOR = YES;
				GCC_WARN_UNINITIALIZED_AUTOS = YES_AGGRESSIVE;
				GCC_WARN_UNUSED_FUNCTION = YES;
				GCC_WARN_UNUSED_VARIABLE = YES;
				IPHONEOS_DEPLOYMENT_TARGET = 14.0;
				MTL_ENABLE_DEBUG_INFO = INCLUDE_SOURCE;
				MTL_FAST_MATH = YES;
				ONLY_ACTIVE_ARCH = YES;
				SDKROOT = iphoneos;
				SWIFT_ACTIVE_COMPILATION_CONDITIONS = DEBUG;
				SWIFT_OPTIMIZATION_LEVEL = "-Onone";
			};
			name = Debug;
		};
		CFFD616A252390CE00B5E520 /* Release */ = {
			isa = XCBuildConfiguration;
			buildSettings = {
				ALWAYS_SEARCH_USER_PATHS = NO;
				CLANG_ANALYZER_NONNULL = YES;
				CLANG_ANALYZER_NUMBER_OBJECT_CONVERSION = YES_AGGRESSIVE;
				CLANG_CXX_LANGUAGE_STANDARD = "gnu++14";
				CLANG_CXX_LIBRARY = "libc++";
				CLANG_ENABLE_MODULES = YES;
				CLANG_ENABLE_OBJC_ARC = YES;
				CLANG_ENABLE_OBJC_WEAK = YES;
				CLANG_WARN_BLOCK_CAPTURE_AUTORELEASING = YES;
				CLANG_WARN_BOOL_CONVERSION = YES;
				CLANG_WARN_COMMA = YES;
				CLANG_WARN_CONSTANT_CONVERSION = YES;
				CLANG_WARN_DEPRECATED_OBJC_IMPLEMENTATIONS = YES;
				CLANG_WARN_DIRECT_OBJC_ISA_USAGE = YES_ERROR;
				CLANG_WARN_DOCUMENTATION_COMMENTS = YES;
				CLANG_WARN_EMPTY_BODY = YES;
				CLANG_WARN_ENUM_CONVERSION = YES;
				CLANG_WARN_INFINITE_RECURSION = YES;
				CLANG_WARN_INT_CONVERSION = YES;
				CLANG_WARN_NON_LITERAL_NULL_CONVERSION = YES;
				CLANG_WARN_OBJC_IMPLICIT_RETAIN_SELF = YES;
				CLANG_WARN_OBJC_LITERAL_CONVERSION = YES;
				CLANG_WARN_OBJC_ROOT_CLASS = YES_ERROR;
				CLANG_WARN_QUOTED_INCLUDE_IN_FRAMEWORK_HEADER = YES;
				CLANG_WARN_RANGE_LOOP_ANALYSIS = YES;
				CLANG_WARN_STRICT_PROTOTYPES = YES;
				CLANG_WARN_SUSPICIOUS_MOVE = YES;
				CLANG_WARN_UNGUARDED_AVAILABILITY = YES_AGGRESSIVE;
				CLANG_WARN_UNREACHABLE_CODE = YES;
				CLANG_WARN__DUPLICATE_METHOD_MATCH = YES;
				COPY_PHASE_STRIP = NO;
				DEBUG_INFORMATION_FORMAT = "dwarf-with-dsym";
				ENABLE_NS_ASSERTIONS = NO;
				ENABLE_STRICT_OBJC_MSGSEND = YES;
				GCC_C_LANGUAGE_STANDARD = gnu11;
				GCC_NO_COMMON_BLOCKS = YES;
				GCC_WARN_64_TO_32_BIT_CONVERSION = YES;
				GCC_WARN_ABOUT_RETURN_TYPE = YES_ERROR;
				GCC_WARN_UNDECLARED_SELECTOR = YES;
				GCC_WARN_UNINITIALIZED_AUTOS = YES_AGGRESSIVE;
				GCC_WARN_UNUSED_FUNCTION = YES;
				GCC_WARN_UNUSED_VARIABLE = YES;
				IPHONEOS_DEPLOYMENT_TARGET = 14.0;
				MTL_ENABLE_DEBUG_INFO = NO;
				MTL_FAST_MATH = YES;
				SDKROOT = iphoneos;
				SWIFT_COMPILATION_MODE = wholemodule;
				SWIFT_OPTIMIZATION_LEVEL = "-O";
				VALIDATE_PRODUCT = YES;
			};
			name = Release;
		};
		CFFD616C252390CE00B5E520 /* Debug */ = {
			isa = XCBuildConfiguration;
			buildSettings = {
				ASSETCATALOG_COMPILER_APPICON_NAME = AppIcon;
				ASSETCATALOG_COMPILER_GLOBAL_ACCENT_COLOR_NAME = AccentColor;
				CODE_SIGN_STYLE = Automatic;
				DEVELOPMENT_TEAM = SUZY35U5GK;
				INFOPLIST_FILE = GITFollewer/Info.plist;
				LD_RUNPATH_SEARCH_PATHS = (
					"$(inherited)",
					"@executable_path/Frameworks",
				);
				PRODUCT_BUNDLE_IDENTIFIER = com.lhj.GITFollewer;
				PRODUCT_NAME = "$(TARGET_NAME)";
				SWIFT_VERSION = 5.0;
				TARGETED_DEVICE_FAMILY = "1,2";
			};
			name = Debug;
		};
		CFFD616D252390CE00B5E520 /* Release */ = {
			isa = XCBuildConfiguration;
			buildSettings = {
				ASSETCATALOG_COMPILER_APPICON_NAME = AppIcon;
				ASSETCATALOG_COMPILER_GLOBAL_ACCENT_COLOR_NAME = AccentColor;
				CODE_SIGN_STYLE = Automatic;
				DEVELOPMENT_TEAM = SUZY35U5GK;
				INFOPLIST_FILE = GITFollewer/Info.plist;
				LD_RUNPATH_SEARCH_PATHS = (
					"$(inherited)",
					"@executable_path/Frameworks",
				);
				PRODUCT_BUNDLE_IDENTIFIER = com.lhj.GITFollewer;
				PRODUCT_NAME = "$(TARGET_NAME)";
				SWIFT_VERSION = 5.0;
				TARGETED_DEVICE_FAMILY = "1,2";
			};
			name = Release;
		};
		CFFD616F252390CE00B5E520 /* Debug */ = {
			isa = XCBuildConfiguration;
			buildSettings = {
				ALWAYS_EMBED_SWIFT_STANDARD_LIBRARIES = YES;
				BUNDLE_LOADER = "$(TEST_HOST)";
				CODE_SIGN_STYLE = Automatic;
				DEVELOPMENT_TEAM = SUZY35U5GK;
				INFOPLIST_FILE = GITFollewerTests/Info.plist;
				IPHONEOS_DEPLOYMENT_TARGET = 14.0;
				LD_RUNPATH_SEARCH_PATHS = (
					"$(inherited)",
					"@executable_path/Frameworks",
					"@loader_path/Frameworks",
				);
				PRODUCT_BUNDLE_IDENTIFIER = com.lhj.GITFollewerTests;
				PRODUCT_NAME = "$(TARGET_NAME)";
				SWIFT_VERSION = 5.0;
				TARGETED_DEVICE_FAMILY = "1,2";
				TEST_HOST = "$(BUILT_PRODUCTS_DIR)/GITFollewer.app/GITFollewer";
			};
			name = Debug;
		};
		CFFD6170252390CE00B5E520 /* Release */ = {
			isa = XCBuildConfiguration;
			buildSettings = {
				ALWAYS_EMBED_SWIFT_STANDARD_LIBRARIES = YES;
				BUNDLE_LOADER = "$(TEST_HOST)";
				CODE_SIGN_STYLE = Automatic;
				DEVELOPMENT_TEAM = SUZY35U5GK;
				INFOPLIST_FILE = GITFollewerTests/Info.plist;
				IPHONEOS_DEPLOYMENT_TARGET = 14.0;
				LD_RUNPATH_SEARCH_PATHS = (
					"$(inherited)",
					"@executable_path/Frameworks",
					"@loader_path/Frameworks",
				);
				PRODUCT_BUNDLE_IDENTIFIER = com.lhj.GITFollewerTests;
				PRODUCT_NAME = "$(TARGET_NAME)";
				SWIFT_VERSION = 5.0;
				TARGETED_DEVICE_FAMILY = "1,2";
				TEST_HOST = "$(BUILT_PRODUCTS_DIR)/GITFollewer.app/GITFollewer";
			};
			name = Release;
		};
		CFFD6172252390CE00B5E520 /* Debug */ = {
			isa = XCBuildConfiguration;
			buildSettings = {
				ALWAYS_EMBED_SWIFT_STANDARD_LIBRARIES = YES;
				CODE_SIGN_STYLE = Automatic;
				DEVELOPMENT_TEAM = SUZY35U5GK;
				INFOPLIST_FILE = GITFollewerUITests/Info.plist;
				LD_RUNPATH_SEARCH_PATHS = (
					"$(inherited)",
					"@executable_path/Frameworks",
					"@loader_path/Frameworks",
				);
				PRODUCT_BUNDLE_IDENTIFIER = com.lhj.GITFollewerUITests;
				PRODUCT_NAME = "$(TARGET_NAME)";
				SWIFT_VERSION = 5.0;
				TARGETED_DEVICE_FAMILY = "1,2";
				TEST_TARGET_NAME = GITFollewer;
			};
			name = Debug;
		};
		CFFD6173252390CE00B5E520 /* Release */ = {
			isa = XCBuildConfiguration;
			buildSettings = {
				ALWAYS_EMBED_SWIFT_STANDARD_LIBRARIES = YES;
				CODE_SIGN_STYLE = Automatic;
				DEVELOPMENT_TEAM = SUZY35U5GK;
				INFOPLIST_FILE = GITFollewerUITests/Info.plist;
				LD_RUNPATH_SEARCH_PATHS = (
					"$(inherited)",
					"@executable_path/Frameworks",
					"@loader_path/Frameworks",
				);
				PRODUCT_BUNDLE_IDENTIFIER = com.lhj.GITFollewerUITests;
				PRODUCT_NAME = "$(TARGET_NAME)";
				SWIFT_VERSION = 5.0;
				TARGETED_DEVICE_FAMILY = "1,2";
				TEST_TARGET_NAME = GITFollewer;
			};
			name = Release;
		};
/* End XCBuildConfiguration section */

/* Begin XCConfigurationList section */
		CFFD613C252390CB00B5E520 /* Build configuration list for PBXProject "GITFollewer" */ = {
			isa = XCConfigurationList;
			buildConfigurations = (
				CFFD6169252390CE00B5E520 /* Debug */,
				CFFD616A252390CE00B5E520 /* Release */,
			);
			defaultConfigurationIsVisible = 0;
			defaultConfigurationName = Release;
		};
		CFFD616B252390CE00B5E520 /* Build configuration list for PBXNativeTarget "GITFollewer" */ = {
			isa = XCConfigurationList;
			buildConfigurations = (
				CFFD616C252390CE00B5E520 /* Debug */,
				CFFD616D252390CE00B5E520 /* Release */,
			);
			defaultConfigurationIsVisible = 0;
			defaultConfigurationName = Release;
		};
		CFFD616E252390CE00B5E520 /* Build configuration list for PBXNativeTarget "GITFollewerTests" */ = {
			isa = XCConfigurationList;
			buildConfigurations = (
				CFFD616F252390CE00B5E520 /* Debug */,
				CFFD6170252390CE00B5E520 /* Release */,
			);
			defaultConfigurationIsVisible = 0;
			defaultConfigurationName = Release;
		};
		CFFD6171252390CE00B5E520 /* Build configuration list for PBXNativeTarget "GITFollewerUITests" */ = {
			isa = XCConfigurationList;
			buildConfigurations = (
				CFFD6172252390CE00B5E520 /* Debug */,
				CFFD6173252390CE00B5E520 /* Release */,
			);
			defaultConfigurationIsVisible = 0;
			defaultConfigurationName = Release;
		};
/* End XCConfigurationList section */
	};
	rootObject = CFFD6139252390CB00B5E520 /* Project object */;
}
