// !$*UTF8*$!
{
	archiveVersion = 1;
	classes = {
	};
	objectVersion = 50;
	objects = {

/* Begin PBXBuildFile section */
		CF0047F42534CAB900848B04 /* GFItemInfoView.swift in Sources */ = {isa = PBXBuildFile; fileRef = CF0047F32534CAB900848B04 /* GFItemInfoView.swift */; };
		CF1280A72533833800BDDD5B /* GFUserInfoHeaderVC.swift in Sources */ = {isa = PBXBuildFile; fileRef = CF1280A62533833800BDDD5B /* GFUserInfoHeaderVC.swift */; };
		CF1280AC2533839A00BDDD5B /* GFSecondaryTitleLabel.swift in Sources */ = {isa = PBXBuildFile; fileRef = CF1280AB2533839A00BDDD5B /* GFSecondaryTitleLabel.swift */; };
		CF1280B425338B7500BDDD5B /* Constant.swift in Sources */ = {isa = PBXBuildFile; fileRef = CF1280B325338B7500BDDD5B /* Constant.swift */; };
		CF4286D4253334A0009BEBB6 /* UserInfoViewController.swift in Sources */ = {isa = PBXBuildFile; fileRef = CF4286D3253334A0009BEBB6 /* UserInfoViewController.swift */; };
		CF7D4BEF253A9A7C0032FDA5 /* Date+Ext.swift in Sources */ = {isa = PBXBuildFile; fileRef = CF7D4BEE253A9A7C0032FDA5 /* Date+Ext.swift */; };
		CF7D4BF4253A9A9F0032FDA5 /* String+Ext.swift in Sources */ = {isa = PBXBuildFile; fileRef = CF7D4BF3253A9A9F0032FDA5 /* String+Ext.swift */; };
		CF7D4BF9253AB5570032FDA5 /* PersistenceManager.swift in Sources */ = {isa = PBXBuildFile; fileRef = CF7D4BF8253AB5570032FDA5 /* PersistenceManager.swift */; };
		CF7D4BFE253ABF6A0032FDA5 /* FavoriteCell.swift in Sources */ = {isa = PBXBuildFile; fileRef = CF7D4BFD253ABF6A0032FDA5 /* FavoriteCell.swift */; };
		CF7D4C04253AD2850032FDA5 /* GFTabBarController.swift in Sources */ = {isa = PBXBuildFile; fileRef = CF7D4C03253AD2850032FDA5 /* GFTabBarController.swift */; };
		CF7D4C0C253B29360032FDA5 /* GFDataLoadingVC.swift in Sources */ = {isa = PBXBuildFile; fileRef = CF7D4C0B253B29360032FDA5 /* GFDataLoadingVC.swift */; };
		CF7D4C1C253B2A3D0032FDA5 /* FollowerCell.swift in Sources */ = {isa = PBXBuildFile; fileRef = CF7D4C1B253B2A3D0032FDA5 /* FollowerCell.swift */; };
		CF8A34C92524FA1100DA9554 /* GFButton.swift in Sources */ = {isa = PBXBuildFile; fileRef = CF8A34C82524FA1100DA9554 /* GFButton.swift */; };
		CF98A11F2531E1C100BC527A /* UIHelper.swift in Sources */ = {isa = PBXBuildFile; fileRef = CF98A11E2531E1C100BC527A /* UIHelper.swift */; };
		CF98A12A2532298400BC527A /* GFEmptyStateView.swift in Sources */ = {isa = PBXBuildFile; fileRef = CF98A1292532298400BC527A /* GFEmptyStateView.swift */; };
		CF996844252FA06700F7A7BF /* FollowerListViewController.swift in Sources */ = {isa = PBXBuildFile; fileRef = CF996843252FA06700F7A7BF /* FollowerListViewController.swift */; };
		CF99684925302E4A00F7A7BF /* GFTitleLabel.swift in Sources */ = {isa = PBXBuildFile; fileRef = CF99684825302E4A00F7A7BF /* GFTitleLabel.swift */; };
		CF99684E25302F9F00F7A7BF /* GFBodyLabel.swift in Sources */ = {isa = PBXBuildFile; fileRef = CF99684D25302F9F00F7A7BF /* GFBodyLabel.swift */; };
		CF9968532530305C00F7A7BF /* GFAlertViewController.swift in Sources */ = {isa = PBXBuildFile; fileRef = CF9968522530305C00F7A7BF /* GFAlertViewController.swift */; };
		CF996858253035FE00F7A7BF /* UIViewController+Ext.swift in Sources */ = {isa = PBXBuildFile; fileRef = CF996857253035FE00F7A7BF /* UIViewController+Ext.swift */; };
		CF99686725303D9200F7A7BF /* GFAlertContainerView.swift in Sources */ = {isa = PBXBuildFile; fileRef = CF99686625303D9200F7A7BF /* GFAlertContainerView.swift */; };
		CF996873253041DF00F7A7BF /* Follower.swift in Sources */ = {isa = PBXBuildFile; fileRef = CF996872253041DF00F7A7BF /* Follower.swift */; };
		CF99687B253042A900F7A7BF /* User.swift in Sources */ = {isa = PBXBuildFile; fileRef = CF99687A253042A900F7A7BF /* User.swift */; };
		CF99688125304A2000F7A7BF /* NetworkManager.swift in Sources */ = {isa = PBXBuildFile; fileRef = CF99688025304A2000F7A7BF /* NetworkManager.swift */; };
		CF99688A2530D9D000F7A7BF /* GFError.swift in Sources */ = {isa = PBXBuildFile; fileRef = CF9968892530D9D000F7A7BF /* GFError.swift */; };
		CF9968982530DFAF00F7A7BF /* GFAvatarImageView.swift in Sources */ = {isa = PBXBuildFile; fileRef = CF9968972530DFAF00F7A7BF /* GFAvatarImageView.swift */; };
		CF9D7532252B762B003AA89C /* GFTextField.swift in Sources */ = {isa = PBXBuildFile; fileRef = CF9D7531252B762B003AA89C /* GFTextField.swift */; };
		CFD16A992536125A0030EB45 /* GFItemInfoViewController.swift in Sources */ = {isa = PBXBuildFile; fileRef = CFD16A982536125A0030EB45 /* GFItemInfoViewController.swift */; };
		CFD16A9E253614E60030EB45 /* GFRepoItemViewController.swift in Sources */ = {isa = PBXBuildFile; fileRef = CFD16A9D253614E60030EB45 /* GFRepoItemViewController.swift */; };
		CFD16AA3253616830030EB45 /* GFFollowersViewController.swift in Sources */ = {isa = PBXBuildFile; fileRef = CFD16AA2253616830030EB45 /* GFFollowersViewController.swift */; };
		CFFD6145252390CC00B5E520 /* AppDelegate.swift in Sources */ = {isa = PBXBuildFile; fileRef = CFFD6144252390CC00B5E520 /* AppDelegate.swift */; };
		CFFD6147252390CC00B5E520 /* SceneDelegate.swift in Sources */ = {isa = PBXBuildFile; fileRef = CFFD6146252390CC00B5E520 /* SceneDelegate.swift */; };
		CFFD614E252390CD00B5E520 /* Assets.xcassets in Resources */ = {isa = PBXBuildFile; fileRef = CFFD614D252390CD00B5E520 /* Assets.xcassets */; };
		CFFD6151252390CD00B5E520 /* LaunchScreen.storyboard in Resources */ = {isa = PBXBuildFile; fileRef = CFFD614F252390CD00B5E520 /* LaunchScreen.storyboard */; };
		CFFD61842523961F00B5E520 /* SearchViewController.swift in Sources */ = {isa = PBXBuildFile; fileRef = CFFD61832523961F00B5E520 /* SearchViewController.swift */; };
		CFFD61892523966000B5E520 /* FavoritesListViewController.swift in Sources */ = {isa = PBXBuildFile; fileRef = CFFD61882523966000B5E520 /* FavoritesListViewController.swift */; };
/* End PBXBuildFile section */

/* Begin PBXContainerItemProxy section */
		CFFD6158252390CE00B5E520 /* PBXContainerItemProxy */ = {
			isa = PBXContainerItemProxy;
			containerPortal = CFFD6139252390CB00B5E520 /* Project object */;
			proxyType = 1;
			remoteGlobalIDString = CFFD6140252390CB00B5E520;
			remoteInfo = GITFollewer;
		};
		CFFD6163252390CE00B5E520 /* PBXContainerItemProxy */ = {
			isa = PBXContainerItemProxy;
			containerPortal = CFFD6139252390CB00B5E520 /* Project object */;
			proxyType = 1;
			remoteGlobalIDString = CFFD6140252390CB00B5E520;
			remoteInfo = GITFollewer;
		};
/* End PBXContainerItemProxy section */

/* Begin PBXFileReference section */
		CF0047F32534CAB900848B04 /* GFItemInfoView.swift */ = {isa = PBXFileReference; lastKnownFileType = sourcecode.swift; path = GFItemInfoView.swift; sourceTree = "<group>"; };
		CF1280A62533833800BDDD5B /* GFUserInfoHeaderVC.swift */ = {isa = PBXFileReference; lastKnownFileType = sourcecode.swift; path = GFUserInfoHeaderVC.swift; sourceTree = "<group>"; };
		CF1280AB2533839A00BDDD5B /* GFSecondaryTitleLabel.swift */ = {isa = PBXFileReference; lastKnownFileType = sourcecode.swift; path = GFSecondaryTitleLabel.swift; sourceTree = "<group>"; };
		CF1280B325338B7500BDDD5B /* Constant.swift */ = {isa = PBXFileReference; lastKnownFileType = sourcecode.swift; path = Constant.swift; sourceTree = "<group>"; };
		CF4286D3253334A0009BEBB6 /* UserInfoViewController.swift */ = {isa = PBXFileReference; lastKnownFileType = sourcecode.swift; path = UserInfoViewController.swift; sourceTree = "<group>"; };
		CF7D4BEE253A9A7C0032FDA5 /* Date+Ext.swift */ = {isa = PBXFileReference; lastKnownFileType = sourcecode.swift; path = "Date+Ext.swift"; sourceTree = "<group>"; };
		CF7D4BF3253A9A9F0032FDA5 /* String+Ext.swift */ = {isa = PBXFileReference; lastKnownFileType = sourcecode.swift; path = "String+Ext.swift"; sourceTree = "<group>"; };
		CF7D4BF8253AB5570032FDA5 /* PersistenceManager.swift */ = {isa = PBXFileReference; lastKnownFileType = sourcecode.swift; path = PersistenceManager.swift; sourceTree = "<group>"; };
		CF7D4BFD253ABF6A0032FDA5 /* FavoriteCell.swift */ = {isa = PBXFileReference; lastKnownFileType = sourcecode.swift; path = FavoriteCell.swift; sourceTree = "<group>"; };
		CF7D4C03253AD2850032FDA5 /* GFTabBarController.swift */ = {isa = PBXFileReference; lastKnownFileType = sourcecode.swift; path = GFTabBarController.swift; sourceTree = "<group>"; };
		CF7D4C0B253B29360032FDA5 /* GFDataLoadingVC.swift */ = {isa = PBXFileReference; lastKnownFileType = sourcecode.swift; path = GFDataLoadingVC.swift; sourceTree = "<group>"; };
		CF7D4C1B253B2A3D0032FDA5 /* FollowerCell.swift */ = {isa = PBXFileReference; lastKnownFileType = sourcecode.swift; path = FollowerCell.swift; sourceTree = "<group>"; };
		CF8A34C82524FA1100DA9554 /* GFButton.swift */ = {isa = PBXFileReference; lastKnownFileType = sourcecode.swift; path = GFButton.swift; sourceTree = "<group>"; };
		CF98A11E2531E1C100BC527A /* UIHelper.swift */ = {isa = PBXFileReference; lastKnownFileType = sourcecode.swift; path = UIHelper.swift; sourceTree = "<group>"; };
		CF98A1292532298400BC527A /* GFEmptyStateView.swift */ = {isa = PBXFileReference; lastKnownFileType = sourcecode.swift; path = GFEmptyStateView.swift; sourceTree = "<group>"; };
		CF996843252FA06700F7A7BF /* FollowerListViewController.swift */ = {isa = PBXFileReference; lastKnownFileType = sourcecode.swift; path = FollowerListViewController.swift; sourceTree = "<group>"; };
		CF99684825302E4A00F7A7BF /* GFTitleLabel.swift */ = {isa = PBXFileReference; lastKnownFileType = sourcecode.swift; path = GFTitleLabel.swift; sourceTree = "<group>"; };
		CF99684D25302F9F00F7A7BF /* GFBodyLabel.swift */ = {isa = PBXFileReference; lastKnownFileType = sourcecode.swift; path = GFBodyLabel.swift; sourceTree = "<group>"; };
		CF9968522530305C00F7A7BF /* GFAlertViewController.swift */ = {isa = PBXFileReference; lastKnownFileType = sourcecode.swift; path = GFAlertViewController.swift; sourceTree = "<group>"; };
		CF996857253035FE00F7A7BF /* UIViewController+Ext.swift */ = {isa = PBXFileReference; lastKnownFileType = sourcecode.swift; path = "UIViewController+Ext.swift"; sourceTree = "<group>"; };
		CF99686625303D9200F7A7BF /* GFAlertContainerView.swift */ = {isa = PBXFileReference; lastKnownFileType = sourcecode.swift; path = GFAlertContainerView.swift; sourceTree = "<group>"; };
		CF996872253041DF00F7A7BF /* Follower.swift */ = {isa = PBXFileReference; lastKnownFileType = sourcecode.swift; path = Follower.swift; sourceTree = "<group>"; };
		CF99687A253042A900F7A7BF /* User.swift */ = {isa = PBXFileReference; lastKnownFileType = sourcecode.swift; path = User.swift; sourceTree = "<group>"; };
		CF99688025304A2000F7A7BF /* NetworkManager.swift */ = {isa = PBXFileReference; lastKnownFileType = sourcecode.swift; path = NetworkManager.swift; sourceTree = "<group>"; };
		CF9968892530D9D000F7A7BF /* GFError.swift */ = {isa = PBXFileReference; lastKnownFileType = sourcecode.swift; path = GFError.swift; sourceTree = "<group>"; };
		CF9968972530DFAF00F7A7BF /* GFAvatarImageView.swift */ = {isa = PBXFileReference; lastKnownFileType = sourcecode.swift; path = GFAvatarImageView.swift; sourceTree = "<group>"; };
		CF9D7531252B762B003AA89C /* GFTextField.swift */ = {isa = PBXFileReference; lastKnownFileType = sourcecode.swift; path = GFTextField.swift; sourceTree = "<group>"; };
		CFD16A982536125A0030EB45 /* GFItemInfoViewController.swift */ = {isa = PBXFileReference; lastKnownFileType = sourcecode.swift; path = GFItemInfoViewController.swift; sourceTree = "<group>"; };
		CFD16A9D253614E60030EB45 /* GFRepoItemViewController.swift */ = {isa = PBXFileReference; lastKnownFileType = sourcecode.swift; path = GFRepoItemViewController.swift; sourceTree = "<group>"; };
		CFD16AA2253616830030EB45 /* GFFollowersViewController.swift */ = {isa = PBXFileReference; lastKnownFileType = sourcecode.swift; path = GFFollowersViewController.swift; sourceTree = "<group>"; };
		CFFD6141252390CB00B5E520 /* GITFollewer.app */ = {isa = PBXFileReference; explicitFileType = wrapper.application; includeInIndex = 0; path = GITFollewer.app; sourceTree = BUILT_PRODUCTS_DIR; };
		CFFD6144252390CC00B5E520 /* AppDelegate.swift */ = {isa = PBXFileReference; lastKnownFileType = sourcecode.swift; path = AppDelegate.swift; sourceTree = "<group>"; };
		CFFD6146252390CC00B5E520 /* SceneDelegate.swift */ = {isa = PBXFileReference; lastKnownFileType = sourcecode.swift; path = SceneDelegate.swift; sourceTree = "<group>"; };
		CFFD614D252390CD00B5E520 /* Assets.xcassets */ = {isa = PBXFileReference; lastKnownFileType = folder.assetcatalog; path = Assets.xcassets; sourceTree = "<group>"; };
		CFFD6150252390CD00B5E520 /* Base */ = {isa = PBXFileReference; lastKnownFileType = file.storyboard; name = Base; path = Base.lproj/LaunchScreen.storyboard; sourceTree = "<group>"; };
		CFFD6152252390CD00B5E520 /* Info.plist */ = {isa = PBXFileReference; lastKnownFileType = text.plist.xml; path = Info.plist; sourceTree = "<group>"; };
		CFFD6157252390CE00B5E520 /* GITFollewerTests.xctest */ = {isa = PBXFileReference; explicitFileType = wrapper.cfbundle; includeInIndex = 0; path = GITFollewerTests.xctest; sourceTree = BUILT_PRODUCTS_DIR; };
		CFFD6162252390CE00B5E520 /* GITFollewerUITests.xctest */ = {isa = PBXFileReference; explicitFileType = wrapper.cfbundle; includeInIndex = 0; path = GITFollewerUITests.xctest; sourceTree = BUILT_PRODUCTS_DIR; };
		CFFD61832523961F00B5E520 /* SearchViewController.swift */ = {isa = PBXFileReference; lastKnownFileType = sourcecode.swift; path = SearchViewController.swift; sourceTree = "<group>"; };
		CFFD61882523966000B5E520 /* FavoritesListViewController.swift */ = {isa = PBXFileReference; lastKnownFileType = sourcecode.swift; path = FavoritesListViewController.swift; sourceTree = "<group>"; };
/* End PBXFileReference section */

/* Begin PBXFrameworksBuildPhase section */
		CFFD613E252390CB00B5E520 /* Frameworks */ = {
			isa = PBXFrameworksBuildPhase;
			buildActionMask = 2147483647;
			files = (
			);
			runOnlyForDeploymentPostprocessing = 0;
		};
		CFFD6154252390CE00B5E520 /* Frameworks */ = {
			isa = PBXFrameworksBuildPhase;
			buildActionMask = 2147483647;
			files = (
			);
			runOnlyForDeploymentPostprocessing = 0;
		};
		CFFD615F252390CE00B5E520 /* Frameworks */ = {
			isa = PBXFrameworksBuildPhase;
			buildActionMask = 2147483647;
			files = (
			);
			runOnlyForDeploymentPostprocessing = 0;
		};
/* End PBXFrameworksBuildPhase section */

/* Begin PBXGroup section */
		CF7D4C02253AD26C0032FDA5 /* TabBarControllers */ = {
			isa = PBXGroup;
			children = (
				CF7D4C03253AD2850032FDA5 /* GFTabBarController.swift */,
			);
			path = TabBarControllers;
			sourceTree = "<group>";
		};
		CF98A123253228F500BC527A /* Buttons */ = {
			isa = PBXGroup;
			children = (
				CF8A34C82524FA1100DA9554 /* GFButton.swift */,
			);
			path = Buttons;
			sourceTree = "<group>";
		};
		CF98A124253228FE00BC527A /* Views */ = {
			isa = PBXGroup;
			children = (
				CF99686625303D9200F7A7BF /* GFAlertContainerView.swift */,
				CF98A1292532298400BC527A /* GFEmptyStateView.swift */,
				CF0047F32534CAB900848B04 /* GFItemInfoView.swift */,
			);
			path = Views;
			sourceTree = "<group>";
		};
		CF98A1252532290C00BC527A /* TextFields */ = {
			isa = PBXGroup;
			children = (
				CF9D7531252B762B003AA89C /* GFTextField.swift */,
			);
			path = TextFields;
			sourceTree = "<group>";
		};
		CF98A1262532291D00BC527A /* ImageViews */ = {
			isa = PBXGroup;
			children = (
				CF9968972530DFAF00F7A7BF /* GFAvatarImageView.swift */,
			);
			path = ImageViews;
			sourceTree = "<group>";
		};
		CF98A1272532292500BC527A /* Labels */ = {
			isa = PBXGroup;
			children = (
				CF99684825302E4A00F7A7BF /* GFTitleLabel.swift */,
				CF99684D25302F9F00F7A7BF /* GFBodyLabel.swift */,
				CF1280AB2533839A00BDDD5B /* GFSecondaryTitleLabel.swift */,
			);
			path = Labels;
			sourceTree = "<group>";
		};
		CF98A1282532292F00BC527A /* ViewControllers */ = {
			isa = PBXGroup;
			children = (
				CFD16AA7253616D20030EB45 /* ItemInfoVCs */,
				CF9968522530305C00F7A7BF /* GFAlertViewController.swift */,
				CF1280A62533833800BDDD5B /* GFUserInfoHeaderVC.swift */,
				CF7D4C0B253B29360032FDA5 /* GFDataLoadingVC.swift */,
			);
			path = ViewControllers;
			sourceTree = "<group>";
		};
		CF99685C2530380B00F7A7BF /* Screens */ = {
			isa = PBXGroup;
			children = (
				CFFD61882523966000B5E520 /* FavoritesListViewController.swift */,
				CF996843252FA06700F7A7BF /* FollowerListViewController.swift */,
				CFFD61832523961F00B5E520 /* SearchViewController.swift */,
				CF4286D3253334A0009BEBB6 /* UserInfoViewController.swift */,
			);
			path = Screens;
			sourceTree = "<group>";
		};
		CF99685D2530384100F7A7BF /* Custom Views */ = {
			isa = PBXGroup;
			children = (
				CF7D4C02253AD26C0032FDA5 /* TabBarControllers */,
				CF98A1282532292F00BC527A /* ViewControllers */,
				CF98A1272532292500BC527A /* Labels */,
				CF98A1262532291D00BC527A /* ImageViews */,
				CF98A1252532290C00BC527A /* TextFields */,
				CF98A124253228FE00BC527A /* Views */,
				CF98A123253228F500BC527A /* Buttons */,
				CF99688E2530DF1700F7A7BF /* Cells */,
			);
			path = "Custom Views";
			sourceTree = "<group>";
		};
		CF99685E2530388200F7A7BF /* Extensions */ = {
			isa = PBXGroup;
			children = (
				CF996857253035FE00F7A7BF /* UIViewController+Ext.swift */,
				CF7D4BEE253A9A7C0032FDA5 /* Date+Ext.swift */,
				CF7D4BF3253A9A9F0032FDA5 /* String+Ext.swift */,
			);
			path = Extensions;
			sourceTree = "<group>";
		};
		CF99685F2530390600F7A7BF /* Support */ = {
			isa = PBXGroup;
			children = (
				CFFD6144252390CC00B5E520 /* AppDelegate.swift */,
				CFFD6146252390CC00B5E520 /* SceneDelegate.swift */,
				CFFD614D252390CD00B5E520 /* Assets.xcassets */,
				CFFD614F252390CD00B5E520 /* LaunchScreen.storyboard */,
			);
			path = Support;
			sourceTree = "<group>";
		};
		CF996871253041D100F7A7BF /* Model */ = {
			isa = PBXGroup;
			children = (
				CF996872253041DF00F7A7BF /* Follower.swift */,
				CF99687A253042A900F7A7BF /* User.swift */,
			);
			path = Model;
			sourceTree = "<group>";
		};
		CF99687F25304A0600F7A7BF /* Managers */ = {
			isa = PBXGroup;
			children = (
				CF99688025304A2000F7A7BF /* NetworkManager.swift */,
				CF7D4BF8253AB5570032FDA5 /* PersistenceManager.swift */,
			);
			path = Managers;
			sourceTree = "<group>";
		};
		CF9968882530D9BB00F7A7BF /* Utilities */ = {
			isa = PBXGroup;
			children = (
				CF9968892530D9D000F7A7BF /* GFError.swift */,
				CF98A11E2531E1C100BC527A /* UIHelper.swift */,
				CF1280B325338B7500BDDD5B /* Constant.swift */,
			);
			path = Utilities;
			sourceTree = "<group>";
		};
		CF99688E2530DF1700F7A7BF /* Cells */ = {
			isa = PBXGroup;
			children = (
				CF7D4BFD253ABF6A0032FDA5 /* FavoriteCell.swift */,
				CF7D4C1B253B2A3D0032FDA5 /* FollowerCell.swift */,
			);
			path = Cells;
			sourceTree = "<group>";
		};
		CFD16AA7253616D20030EB45 /* ItemInfoVCs */ = {
			isa = PBXGroup;
			children = (
				CFD16A982536125A0030EB45 /* GFItemInfoViewController.swift */,
				CFD16A9D253614E60030EB45 /* GFRepoItemViewController.swift */,
				CFD16AA2253616830030EB45 /* GFFollowersViewController.swift */,
			);
			path = ItemInfoVCs;
			sourceTree = "<group>";
		};
		CFFD6138252390CB00B5E520 = {
			isa = PBXGroup;
			children = (
				CFFD6143252390CB00B5E520 /* GITFollewer */,
				CFFD6142252390CB00B5E520 /* Products */,
			);
			sourceTree = "<group>";
		};
		CFFD6142252390CB00B5E520 /* Products */ = {
			isa = PBXGroup;
			children = (
				CFFD6141252390CB00B5E520 /* GITFollewer.app */,
				CFFD6157252390CE00B5E520 /* GITFollewerTests.xctest */,
				CFFD6162252390CE00B5E520 /* GITFollewerUITests.xctest */,
			);
			name = Products;
			sourceTree = "<group>";
		};
		CFFD6143252390CB00B5E520 /* GITFollewer */ = {
			isa = PBXGroup;
			children = (
				CF9968882530D9BB00F7A7BF /* Utilities */,
				CF99687F25304A0600F7A7BF /* Managers */,
				CF99685E2530388200F7A7BF /* Extensions */,
				CF99685F2530390600F7A7BF /* Support */,
				CF99685D2530384100F7A7BF /* Custom Views */,
				CF996871253041D100F7A7BF /* Model */,
				CF99685C2530380B00F7A7BF /* Screens */,
				CFFD6152252390CD00B5E520 /* Info.plist */,
			);
			path = GITFollewer;
			sourceTree = "<group>";
		};
/* End PBXGroup section */

/* Begin PBXNativeTarget section */
		CFFD6140252390CB00B5E520 /* GITFollewer */ = {
			isa = PBXNativeTarget;
			buildConfigurationList = CFFD616B252390CE00B5E520 /* Build configuration list for PBXNativeTarget "GITFollewer" */;
			buildPhases = (
				CFFD613D252390CB00B5E520 /* Sources */,
				CFFD613E252390CB00B5E520 /* Frameworks */,
				CFFD613F252390CB00B5E520 /* Resources */,
			);
			buildRules = (
			);
			dependencies = (
			);
			name = GITFollewer;
			productName = GITFollewer;
			productReference = CFFD6141252390CB00B5E520 /* GITFollewer.app */;
			productType = "com.apple.product-type.application";
		};
		CFFD6156252390CE00B5E520 /* GITFollewerTests */ = {
			isa = PBXNativeTarget;
			buildConfigurationList = CFFD616E252390CE00B5E520 /* Build configuration list for PBXNativeTarget "GITFollewerTests" */;
			buildPhases = (
				CFFD6153252390CE00B5E520 /* Sources */,
				CFFD6154252390CE00B5E520 /* Frameworks */,
				CFFD6155252390CE00B5E520 /* Resources */,
			);
			buildRules = (
			);
			dependencies = (
				CFFD6159252390CE00B5E520 /* PBXTargetDependency */,
			);
			name = GITFollewerTests;
			productName = GITFollewerTests;
			productReference = CFFD6157252390CE00B5E520 /* GITFollewerTests.xctest */;
			productType = "com.apple.product-type.bundle.unit-test";
		};
		CFFD6161252390CE00B5E520 /* GITFollewerUITests */ = {
			isa = PBXNativeTarget;
			buildConfigurationList = CFFD6171252390CE00B5E520 /* Build configuration list for PBXNativeTarget "GITFollewerUITests" */;
			buildPhases = (
				CFFD615E252390CE00B5E520 /* Sources */,
				CFFD615F252390CE00B5E520 /* Frameworks */,
				CFFD6160252390CE00B5E520 /* Resources */,
			);
			buildRules = (
			);
			dependencies = (
				CFFD6164252390CE00B5E520 /* PBXTargetDependency */,
			);
			name = GITFollewerUITests;
			productName = GITFollewerUITests;
			productReference = CFFD6162252390CE00B5E520 /* GITFollewerUITests.xctest */;
			productType = "com.apple.product-type.bundle.ui-testing";
		};
/* End PBXNativeTarget section */

/* Begin PBXProject section */
		CFFD6139252390CB00B5E520 /* Project object */ = {
			isa = PBXProject;
			attributes = {
				LastSwiftUpdateCheck = 1200;
				LastUpgradeCheck = 1200;
				TargetAttributes = {
					CFFD6140252390CB00B5E520 = {
						CreatedOnToolsVersion = 12.0.1;
					};
					CFFD6156252390CE00B5E520 = {
						CreatedOnToolsVersion = 12.0.1;
						TestTargetID = CFFD6140252390CB00B5E520;
					};
					CFFD6161252390CE00B5E520 = {
						CreatedOnToolsVersion = 12.0.1;
						TestTargetID = CFFD6140252390CB00B5E520;
					};
				};
			};
			buildConfigurationList = CFFD613C252390CB00B5E520 /* Build configuration list for PBXProject "GITFollewer" */;
			compatibilityVersion = "Xcode 9.3";
			developmentRegion = en;
			hasScannedForEncodings = 0;
			knownRegions = (
				en,
				Base,
			);
			mainGroup = CFFD6138252390CB00B5E520;
			productRefGroup = CFFD6142252390CB00B5E520 /* Products */;
			projectDirPath = "";
			projectRoot = "";
			targets = (
				CFFD6140252390CB00B5E520 /* GITFollewer */,
				CFFD6156252390CE00B5E520 /* GITFollewerTests */,
				CFFD6161252390CE00B5E520 /* GITFollewerUITests */,
			);
		};
/* End PBXProject section */

/* Begin PBXResourcesBuildPhase section */
		CFFD613F252390CB00B5E520 /* Resources */ = {
			isa = PBXResourcesBuildPhase;
			buildActionMask = 2147483647;
			files = (
				CFFD6151252390CD00B5E520 /* LaunchScreen.storyboard in Resources */,
				CFFD614E252390CD00B5E520 /* Assets.xcassets in Resources */,
			);
			runOnlyForDeploymentPostprocessing = 0;
		};
		CFFD6155252390CE00B5E520 /* Resources */ = {
			isa = PBXResourcesBuildPhase;
			buildActionMask = 2147483647;
			files = (
			);
			runOnlyForDeploymentPostprocessing = 0;
		};
		CFFD6160252390CE00B5E520 /* Resources */ = {
			isa = PBXResourcesBuildPhase;
			buildActionMask = 2147483647;
			files = (
			);
			runOnlyForDeploymentPostprocessing = 0;
		};
/* End PBXResourcesBuildPhase section */

/* Begin PBXSourcesBuildPhase section */
		CFFD613D252390CB00B5E520 /* Sources */ = {
			isa = PBXSourcesBuildPhase;
			buildActionMask = 2147483647;
			files = (
				CF99686725303D9200F7A7BF /* GFAlertContainerView.swift in Sources */,
				CF4286D4253334A0009BEBB6 /* UserInfoViewController.swift in Sources */,
				CF996844252FA06700F7A7BF /* FollowerListViewController.swift in Sources */,
				CFD16AA3253616830030EB45 /* GFFollowersViewController.swift in Sources */,
				CF1280A72533833800BDDD5B /* GFUserInfoHeaderVC.swift in Sources */,
				CFFD61892523966000B5E520 /* FavoritesListViewController.swift in Sources */,
				CF7D4C0C253B29360032FDA5 /* GFDataLoadingVC.swift in Sources */,
				CF7D4C1C253B2A3D0032FDA5 /* FollowerCell.swift in Sources */,
				CF1280AC2533839A00BDDD5B /* GFSecondaryTitleLabel.swift in Sources */,
				CF996858253035FE00F7A7BF /* UIViewController+Ext.swift in Sources */,
				CF8A34C92524FA1100DA9554 /* GFButton.swift in Sources */,
				CF98A12A2532298400BC527A /* GFEmptyStateView.swift in Sources */,
				CFFD6145252390CC00B5E520 /* AppDelegate.swift in Sources */,
				CF99687B253042A900F7A7BF /* User.swift in Sources */,
				CF7D4BF9253AB5570032FDA5 /* PersistenceManager.swift in Sources */,
				CF7D4BFE253ABF6A0032FDA5 /* FavoriteCell.swift in Sources */,
				CF1280B425338B7500BDDD5B /* Constant.swift in Sources */,
				CF9968532530305C00F7A7BF /* GFAlertViewController.swift in Sources */,
				CF996873253041DF00F7A7BF /* Follower.swift in Sources */,
				CFFD61842523961F00B5E520 /* SearchViewController.swift in Sources */,
				CFD16A9E253614E60030EB45 /* GFRepoItemViewController.swift in Sources */,
				CF7D4BF4253A9A9F0032FDA5 /* String+Ext.swift in Sources */,
				CF99684925302E4A00F7A7BF /* GFTitleLabel.swift in Sources */,
				CFFD6147252390CC00B5E520 /* SceneDelegate.swift in Sources */,
				CF99688A2530D9D000F7A7BF /* GFError.swift in Sources */,
				CF99688125304A2000F7A7BF /* NetworkManager.swift in Sources */,
				CFD16A992536125A0030EB45 /* GFItemInfoViewController.swift in Sources */,
				CF7D4BEF253A9A7C0032FDA5 /* Date+Ext.swift in Sources */,
				CF98A11F2531E1C100BC527A /* UIHelper.swift in Sources */,
				CF9D7532252B762B003AA89C /* GFTextField.swift in Sources */,
				CF0047F42534CAB900848B04 /* GFItemInfoView.swift in Sources */,
				CF9968982530DFAF00F7A7BF /* GFAvatarImageView.swift in Sources */,
				CF99684E25302F9F00F7A7BF /* GFBodyLabel.swift in Sources */,
				CF7D4C04253AD2850032FDA5 /* GFTabBarController.swift in Sources */,
			);
			runOnlyForDeploymentPostprocessing = 0;
		};
		CFFD6153252390CE00B5E520 /* Sources */ = {
			isa = PBXSourcesBuildPhase;
			buildActionMask = 2147483647;
			files = (
			);
			runOnlyForDeploymentPostprocessing = 0;
		};
		CFFD615E252390CE00B5E520 /* Sources */ = {
			isa = PBXSourcesBuildPhase;
			buildActionMask = 2147483647;
			files = (
			);
			runOnlyForDeploymentPostprocessing = 0;
		};
/* End PBXSourcesBuildPhase section */

/* Begin PBXTargetDependency section */
		CFFD6159252390CE00B5E520 /* PBXTargetDependency */ = {
			isa = PBXTargetDependency;
			target = CFFD6140252390CB00B5E520 /* GITFollewer */;
			targetProxy = CFFD6158252390CE00B5E520 /* PBXContainerItemProxy */;
		};
		CFFD6164252390CE00B5E520 /* PBXTargetDependency */ = {
			isa = PBXTargetDependency;
			target = CFFD6140252390CB00B5E520 /* GITFollewer */;
			targetProxy = CFFD6163252390CE00B5E520 /* PBXContainerItemProxy */;
		};
/* End PBXTargetDependency section */

/* Begin PBXVariantGroup section */
		CFFD614F252390CD00B5E520 /* LaunchScreen.storyboard */ = {
			isa = PBXVariantGroup;
			children = (
				CFFD6150252390CD00B5E520 /* Base */,
			);
			name = LaunchScreen.storyboard;
			sourceTree = "<group>";
		};
/* End PBXVariantGroup section */

/* Begin XCBuildConfiguration section */
		CFFD6169252390CE00B5E520 /* Debug */ = {
			isa = XCBuildConfiguration;
			buildSettings = {
				ALWAYS_SEARCH_USER_PATHS = NO;
				CLANG_ANALYZER_NONNULL = YES;
				CLANG_ANALYZER_NUMBER_OBJECT_CONVERSION = YES_AGGRESSIVE;
				CLANG_CXX_LANGUAGE_STANDARD = "gnu++14";
				CLANG_CXX_LIBRARY = "libc++";
				CLANG_ENABLE_MODULES = YES;
				CLANG_ENABLE_OBJC_ARC = YES;
				CLANG_ENABLE_OBJC_WEAK = YES;
				CLANG_WARN_BLOCK_CAPTURE_AUTORELEASING = YES;
				CLANG_WARN_BOOL_CONVERSION = YES;
				CLANG_WARN_COMMA = YES;
				CLANG_WARN_CONSTANT_CONVERSION = YES;
				CLANG_WARN_DEPRECATED_OBJC_IMPLEMENTATIONS = YES;
				CLANG_WARN_DIRECT_OBJC_ISA_USAGE = YES_ERROR;
				CLANG_WARN_DOCUMENTATION_COMMENTS = YES;
				CLANG_WARN_EMPTY_BODY = YES;
				CLANG_WARN_ENUM_CONVERSION = YES;
				CLANG_WARN_INFINITE_RECURSION = YES;
				CLANG_WARN_INT_CONVERSION = YES;
				CLANG_WARN_NON_LITERAL_NULL_CONVERSION = YES;
				CLANG_WARN_OBJC_IMPLICIT_RETAIN_SELF = YES;
				CLANG_WARN_OBJC_LITERAL_CONVERSION = YES;
				CLANG_WARN_OBJC_ROOT_CLASS = YES_ERROR;
				CLANG_WARN_QUOTED_INCLUDE_IN_FRAMEWORK_HEADER = YES;
				CLANG_WARN_RANGE_LOOP_ANALYSIS = YES;
				CLANG_WARN_STRICT_PROTOTYPES = YES;
				CLANG_WARN_SUSPICIOUS_MOVE = YES;
				CLANG_WARN_UNGUARDED_AVAILABILITY = YES_AGGRESSIVE;
				CLANG_WARN_UNREACHABLE_CODE = YES;
				CLANG_WARN__DUPLICATE_METHOD_MATCH = YES;
				COPY_PHASE_STRIP = NO;
				DEBUG_INFORMATION_FORMAT = dwarf;
				ENABLE_STRICT_OBJC_MSGSEND = YES;
				ENABLE_TESTABILITY = YES;
				GCC_C_LANGUAGE_STANDARD = gnu11;
				GCC_DYNAMIC_NO_PIC = NO;
				GCC_NO_COMMON_BLOCKS = YES;
				GCC_OPTIMIZATION_LEVEL = 0;
				GCC_PREPROCESSOR_DEFINITIONS = (
					"DEBUG=1",
					"$(inherited)",
				);
				GCC_WARN_64_TO_32_BIT_CONVERSION = YES;
				GCC_WARN_ABOUT_RETURN_TYPE = YES_ERROR;
				GCC_WARN_UNDECLARED_SELECTOR = YES;
				GCC_WARN_UNINITIALIZED_AUTOS = YES_AGGRESSIVE;
				GCC_WARN_UNUSED_FUNCTION = YES;
				GCC_WARN_UNUSED_VARIABLE = YES;
				IPHONEOS_DEPLOYMENT_TARGET = 14.0;
				MTL_ENABLE_DEBUG_INFO = INCLUDE_SOURCE;
				MTL_FAST_MATH = YES;
				ONLY_ACTIVE_ARCH = YES;
				SDKROOT = iphoneos;
				SWIFT_ACTIVE_COMPILATION_CONDITIONS = DEBUG;
				SWIFT_OPTIMIZATION_LEVEL = "-Onone";
			};
			name = Debug;
		};
		CFFD616A252390CE00B5E520 /* Release */ = {
			isa = XCBuildConfiguration;
			buildSettings = {
				ALWAYS_SEARCH_USER_PATHS = NO;
				CLANG_ANALYZER_NONNULL = YES;
				CLANG_ANALYZER_NUMBER_OBJECT_CONVERSION = YES_AGGRESSIVE;
				CLANG_CXX_LANGUAGE_STANDARD = "gnu++14";
				CLANG_CXX_LIBRARY = "libc++";
				CLANG_ENABLE_MODULES = YES;
				CLANG_ENABLE_OBJC_ARC = YES;
				CLANG_ENABLE_OBJC_WEAK = YES;
				CLANG_WARN_BLOCK_CAPTURE_AUTORELEASING = YES;
				CLANG_WARN_BOOL_CONVERSION = YES;
				CLANG_WARN_COMMA = YES;
				CLANG_WARN_CONSTANT_CONVERSION = YES;
				CLANG_WARN_DEPRECATED_OBJC_IMPLEMENTATIONS = YES;
				CLANG_WARN_DIRECT_OBJC_ISA_USAGE = YES_ERROR;
				CLANG_WARN_DOCUMENTATION_COMMENTS = YES;
				CLANG_WARN_EMPTY_BODY = YES;
				CLANG_WARN_ENUM_CONVERSION = YES;
				CLANG_WARN_INFINITE_RECURSION = YES;
				CLANG_WARN_INT_CONVERSION = YES;
				CLANG_WARN_NON_LITERAL_NULL_CONVERSION = YES;
				CLANG_WARN_OBJC_IMPLICIT_RETAIN_SELF = YES;
				CLANG_WARN_OBJC_LITERAL_CONVERSION = YES;
				CLANG_WARN_OBJC_ROOT_CLASS = YES_ERROR;
				CLANG_WARN_QUOTED_INCLUDE_IN_FRAMEWORK_HEADER = YES;
				CLANG_WARN_RANGE_LOOP_ANALYSIS = YES;
				CLANG_WARN_STRICT_PROTOTYPES = YES;
				CLANG_WARN_SUSPICIOUS_MOVE = YES;
				CLANG_WARN_UNGUARDED_AVAILABILITY = YES_AGGRESSIVE;
				CLANG_WARN_UNREACHABLE_CODE = YES;
				CLANG_WARN__DUPLICATE_METHOD_MATCH = YES;
				COPY_PHASE_STRIP = NO;
				DEBUG_INFORMATION_FORMAT = "dwarf-with-dsym";
				ENABLE_NS_ASSERTIONS = NO;
				ENABLE_STRICT_OBJC_MSGSEND = YES;
				GCC_C_LANGUAGE_STANDARD = gnu11;
				GCC_NO_COMMON_BLOCKS = YES;
				GCC_WARN_64_TO_32_BIT_CONVERSION = YES;
				GCC_WARN_ABOUT_RETURN_TYPE = YES_ERROR;
				GCC_WARN_UNDECLARED_SELECTOR = YES;
				GCC_WARN_UNINITIALIZED_AUTOS = YES_AGGRESSIVE;
				GCC_WARN_UNUSED_FUNCTION = YES;
				GCC_WARN_UNUSED_VARIABLE = YES;
				IPHONEOS_DEPLOYMENT_TARGET = 14.0;
				MTL_ENABLE_DEBUG_INFO = NO;
				MTL_FAST_MATH = YES;
				SDKROOT = iphoneos;
				SWIFT_COMPILATION_MODE = wholemodule;
				SWIFT_OPTIMIZATION_LEVEL = "-O";
				VALIDATE_PRODUCT = YES;
			};
			name = Release;
		};
		CFFD616C252390CE00B5E520 /* Debug */ = {
			isa = XCBuildConfiguration;
			buildSettings = {
				ASSETCATALOG_COMPILER_APPICON_NAME = AppIcon;
				ASSETCATALOG_COMPILER_GLOBAL_ACCENT_COLOR_NAME = AccentColor;
				CODE_SIGN_STYLE = Automatic;
				DEVELOPMENT_TEAM = SUZY35U5GK;
				INFOPLIST_FILE = GITFollewer/Info.plist;
				LD_RUNPATH_SEARCH_PATHS = (
					"$(inherited)",
					"@executable_path/Frameworks",
				);
				PRODUCT_BUNDLE_IDENTIFIER = com.lhj.GITFollewer;
				PRODUCT_NAME = "$(TARGET_NAME)";
				SWIFT_VERSION = 5.0;
				TARGETED_DEVICE_FAMILY = 1;
			};
			name = Debug;
		};
		CFFD616D252390CE00B5E520 /* Release */ = {
			isa = XCBuildConfiguration;
			buildSettings = {
				ASSETCATALOG_COMPILER_APPICON_NAME = AppIcon;
				ASSETCATALOG_COMPILER_GLOBAL_ACCENT_COLOR_NAME = AccentColor;
				CODE_SIGN_STYLE = Automatic;
				DEVELOPMENT_TEAM = SUZY35U5GK;
				INFOPLIST_FILE = GITFollewer/Info.plist;
				LD_RUNPATH_SEARCH_PATHS = (
					"$(inherited)",
					"@executable_path/Frameworks",
				);
				PRODUCT_BUNDLE_IDENTIFIER = com.lhj.GITFollewer;
				PRODUCT_NAME = "$(TARGET_NAME)";
				SWIFT_VERSION = 5.0;
				TARGETED_DEVICE_FAMILY = 1;
			};
			name = Release;
		};
		CFFD616F252390CE00B5E520 /* Debug */ = {
			isa = XCBuildConfiguration;
			buildSettings = {
				ALWAYS_EMBED_SWIFT_STANDARD_LIBRARIES = YES;
				BUNDLE_LOADER = "$(TEST_HOST)";
				CODE_SIGN_STYLE = Automatic;
				DEVELOPMENT_TEAM = SUZY35U5GK;
				INFOPLIST_FILE = GITFollewerTests/Info.plist;
				IPHONEOS_DEPLOYMENT_TARGET = 14.0;
				LD_RUNPATH_SEARCH_PATHS = (
					"$(inherited)",
					"@executable_path/Frameworks",
					"@loader_path/Frameworks",
				);
				PRODUCT_BUNDLE_IDENTIFIER = com.lhj.GITFollewerTests;
				PRODUCT_NAME = "$(TARGET_NAME)";
				SWIFT_VERSION = 5.0;
				TARGETED_DEVICE_FAMILY = "1,2";
				TEST_HOST = "$(BUILT_PRODUCTS_DIR)/GITFollewer.app/GITFollewer";
			};
			name = Debug;
		};
		CFFD6170252390CE00B5E520 /* Release */ = {
			isa = XCBuildConfiguration;
			buildSettings = {
				ALWAYS_EMBED_SWIFT_STANDARD_LIBRARIES = YES;
				BUNDLE_LOADER = "$(TEST_HOST)";
				CODE_SIGN_STYLE = Automatic;
				DEVELOPMENT_TEAM = SUZY35U5GK;
				INFOPLIST_FILE = GITFollewerTests/Info.plist;
				IPHONEOS_DEPLOYMENT_TARGET = 14.0;
				LD_RUNPATH_SEARCH_PATHS = (
					"$(inherited)",
					"@executable_path/Frameworks",
					"@loader_path/Frameworks",
				);
				PRODUCT_BUNDLE_IDENTIFIER = com.lhj.GITFollewerTests;
				PRODUCT_NAME = "$(TARGET_NAME)";
				SWIFT_VERSION = 5.0;
				TARGETED_DEVICE_FAMILY = "1,2";
				TEST_HOST = "$(BUILT_PRODUCTS_DIR)/GITFollewer.app/GITFollewer";
			};
			name = Release;
		};
		CFFD6172252390CE00B5E520 /* Debug */ = {
			isa = XCBuildConfiguration;
			buildSettings = {
				ALWAYS_EMBED_SWIFT_STANDARD_LIBRARIES = YES;
				CODE_SIGN_STYLE = Automatic;
				DEVELOPMENT_TEAM = SUZY35U5GK;
				INFOPLIST_FILE = GITFollewerUITests/Info.plist;
				LD_RUNPATH_SEARCH_PATHS = (
					"$(inherited)",
					"@executable_path/Frameworks",
					"@loader_path/Frameworks",
				);
				PRODUCT_BUNDLE_IDENTIFIER = com.lhj.GITFollewerUITests;
				PRODUCT_NAME = "$(TARGET_NAME)";
				SWIFT_VERSION = 5.0;
				TARGETED_DEVICE_FAMILY = "1,2";
				TEST_TARGET_NAME = GITFollewer;
			};
			name = Debug;
		};
		CFFD6173252390CE00B5E520 /* Release */ = {
			isa = XCBuildConfiguration;
			buildSettings = {
				ALWAYS_EMBED_SWIFT_STANDARD_LIBRARIES = YES;
				CODE_SIGN_STYLE = Automatic;
				DEVELOPMENT_TEAM = SUZY35U5GK;
				INFOPLIST_FILE = GITFollewerUITests/Info.plist;
				LD_RUNPATH_SEARCH_PATHS = (
					"$(inherited)",
					"@executable_path/Frameworks",
					"@loader_path/Frameworks",
				);
				PRODUCT_BUNDLE_IDENTIFIER = com.lhj.GITFollewerUITests;
				PRODUCT_NAME = "$(TARGET_NAME)";
				SWIFT_VERSION = 5.0;
				TARGETED_DEVICE_FAMILY = "1,2";
				TEST_TARGET_NAME = GITFollewer;
			};
			name = Release;
		};
/* End XCBuildConfiguration section */

/* Begin XCConfigurationList section */
		CFFD613C252390CB00B5E520 /* Build configuration list for PBXProject "GITFollewer" */ = {
			isa = XCConfigurationList;
			buildConfigurations = (
				CFFD6169252390CE00B5E520 /* Debug */,
				CFFD616A252390CE00B5E520 /* Release */,
			);
			defaultConfigurationIsVisible = 0;
			defaultConfigurationName = Release;
		};
		CFFD616B252390CE00B5E520 /* Build configuration list for PBXNativeTarget "GITFollewer" */ = {
			isa = XCConfigurationList;
			buildConfigurations = (
				CFFD616C252390CE00B5E520 /* Debug */,
				CFFD616D252390CE00B5E520 /* Release */,
			);
			defaultConfigurationIsVisible = 0;
			defaultConfigurationName = Release;
		};
		CFFD616E252390CE00B5E520 /* Build configuration list for PBXNativeTarget "GITFollewerTests" */ = {
			isa = XCConfigurationList;
			buildConfigurations = (
				CFFD616F252390CE00B5E520 /* Debug */,
				CFFD6170252390CE00B5E520 /* Release */,
			);
			defaultConfigurationIsVisible = 0;
			defaultConfigurationName = Release;
		};
		CFFD6171252390CE00B5E520 /* Build configuration list for PBXNativeTarget "GITFollewerUITests" */ = {
			isa = XCConfigurationList;
			buildConfigurations = (
				CFFD6172252390CE00B5E520 /* Debug */,
				CFFD6173252390CE00B5E520 /* Release */,
			);
			defaultConfigurationIsVisible = 0;
			defaultConfigurationName = Release;
		};
/* End XCConfigurationList section */
	};
	rootObject = CFFD6139252390CB00B5E520 /* Project object */;
}
